
Microsoft Visual Studio Solution File, Format Version 12.00
# Visual Studio Version 16
VisualStudioVersion = 16.0.28803.352
MinimumVisualStudioVersion = 10.0.40219.1
Project("{FAE04EC0-301F-11D3-BF4B-00C04F79EFBC}") = "RPG", "RPG\RPG.csproj", "{171CAC3C-A3D0-4FB8-8FC4-5E8460050CF2}"
	ProjectSection(ProjectDependencies) = postProject
		{3FB9F6F4-AF97-4D43-BBAD-A1029CF2CFAE} = {3FB9F6F4-AF97-4D43-BBAD-A1029CF2CFAE}
	EndProjectSection
EndProject
Project("{FAE04EC0-301F-11D3-BF4B-00C04F79EFBC}") = "3ReaisEngieUWP", "..\3ReaisEngieUWP\3ReaisEngieUWP\3ReaisEngieUWP.csproj", "{3FB9F6F4-AF97-4D43-BBAD-A1029CF2CFAE}"
EndProject
Global
	GlobalSection(SolutionConfigurationPlatforms) = preSolution
		Debug|Any CPU = Debug|Any CPU
		Debug|ARM = Debug|ARM
		Debug|ARM64 = Debug|ARM64
		Debug|x64 = Debug|x64
		Debug|x86 = Debug|x86
		Release|Any CPU = Release|Any CPU
		Release|ARM = Release|ARM
		Release|ARM64 = Release|ARM64
		Release|x64 = Release|x64
		Release|x86 = Release|x86
	EndGlobalSection
	GlobalSection(ProjectConfigurationPlatforms) = postSolution
		{171CAC3C-A3D0-4FB8-8FC4-5E8460050CF2}.Debug|Any CPU.ActiveCfg = Debug|x86
		{171CAC3C-A3D0-4FB8-8FC4-5E8460050CF2}.Debug|ARM.ActiveCfg = Debug|ARM
		{171CAC3C-A3D0-4FB8-8FC4-5E8460050CF2}.Debug|ARM.Build.0 = Debug|ARM
		{171CAC3C-A3D0-4FB8-8FC4-5E8460050CF2}.Debug|ARM.Deploy.0 = Debug|ARM
		{171CAC3C-A3D0-4FB8-8FC4-5E8460050CF2}.Debug|ARM64.ActiveCfg = Debug|x86
		{171CAC3C-A3D0-4FB8-8FC4-5E8460050CF2}.Debug|x64.ActiveCfg = Debug|x64
		{171CAC3C-A3D0-4FB8-8FC4-5E8460050CF2}.Debug|x64.Build.0 = Debug|x64
		{171CAC3C-A3D0-4FB8-8FC4-5E8460050CF2}.Debug|x64.Deploy.0 = Debug|x64
		{171CAC3C-A3D0-4FB8-8FC4-5E8460050CF2}.Debug|x86.ActiveCfg = Debug|x86
		{171CAC3C-A3D0-4FB8-8FC4-5E8460050CF2}.Debug|x86.Build.0 = Debug|x86
		{171CAC3C-A3D0-4FB8-8FC4-5E8460050CF2}.Debug|x86.Deploy.0 = Debug|x86
		{171CAC3C-A3D0-4FB8-8FC4-5E8460050CF2}.Release|Any CPU.ActiveCfg = Release|x86
		{171CAC3C-A3D0-4FB8-8FC4-5E8460050CF2}.Release|ARM.ActiveCfg = Release|ARM
		{171CAC3C-A3D0-4FB8-8FC4-5E8460050CF2}.Release|ARM.Build.0 = Release|ARM
		{171CAC3C-A3D0-4FB8-8FC4-5E8460050CF2}.Release|ARM.Deploy.0 = Release|ARM
		{171CAC3C-A3D0-4FB8-8FC4-5E8460050CF2}.Release|ARM64.ActiveCfg = Release|x86
		{171CAC3C-A3D0-4FB8-8FC4-5E8460050CF2}.Release|x64.ActiveCfg = Release|x64
		{171CAC3C-A3D0-4FB8-8FC4-5E8460050CF2}.Release|x64.Build.0 = Release|x64
		{171CAC3C-A3D0-4FB8-8FC4-5E8460050CF2}.Release|x64.Deploy.0 = Release|x64
		{171CAC3C-A3D0-4FB8-8FC4-5E8460050CF2}.Release|x86.ActiveCfg = Release|x86
		{171CAC3C-A3D0-4FB8-8FC4-5E8460050CF2}.Release|x86.Build.0 = Release|x86
		{171CAC3C-A3D0-4FB8-8FC4-5E8460050CF2}.Release|x86.Deploy.0 = Release|x86
		{3FB9F6F4-AF97-4D43-BBAD-A1029CF2CFAE}.Debug|Any CPU.ActiveCfg = Debug|Any CPU
		{3FB9F6F4-AF97-4D43-BBAD-A1029CF2CFAE}.Debug|Any CPU.Build.0 = Debug|Any CPU
		{3FB9F6F4-AF97-4D43-BBAD-A1029CF2CFAE}.Debug|ARM.ActiveCfg = Debug|ARM
		{3FB9F6F4-AF97-4D43-BBAD-A1029CF2CFAE}.Debug|ARM.Build.0 = Debug|ARM
		{3FB9F6F4-AF97-4D43-BBAD-A1029CF2CFAE}.Debug|ARM64.ActiveCfg = Debug|Any CPU
		{3FB9F6F4-AF97-4D43-BBAD-A1029CF2CFAE}.Debug|ARM64.Build.0 = Debug|Any CPU
		{3FB9F6F4-AF97-4D43-BBAD-A1029CF2CFAE}.Debug|x64.ActiveCfg = Debug|x64
		{3FB9F6F4-AF97-4D43-BBAD-A1029CF2CFAE}.Debug|x64.Build.0 = Debug|x64
		{3FB9F6F4-AF97-4D43-BBAD-A1029CF2CFAE}.Debug|x86.ActiveCfg = Debug|x86
		{3FB9F6F4-AF97-4D43-BBAD-A1029CF2CFAE}.Debug|x86.Build.0 = Debug|x86
		{3FB9F6F4-AF97-4D43-BBAD-A1029CF2CFAE}.Release|Any CPU.ActiveCfg = Release|Any CPU
		{3FB9F6F4-AF97-4D43-BBAD-A1029CF2CFAE}.Release|Any CPU.Build.0 = Release|Any CPU
		{3FB9F6F4-AF97-4D43-BBAD-A1029CF2CFAE}.Release|ARM.ActiveCfg = Release|ARM
		{3FB9F6F4-AF97-4D43-BBAD-A1029CF2CFAE}.Release|ARM.Build.0 = Release|ARM
		{3FB9F6F4-AF97-4D43-BBAD-A1029CF2CFAE}.Release|ARM64.ActiveCfg = Release|Any CPU
		{3FB9F6F4-AF97-4D43-BBAD-A1029CF2CFAE}.Release|ARM64.Build.0 = Release|Any CPU
		{3FB9F6F4-AF97-4D43-BBAD-A1029CF2CFAE}.Release|x64.ActiveCfg = Release|x64
		{3FB9F6F4-AF97-4D43-BBAD-A1029CF2CFAE}.Release|x64.Build.0 = Release|x64
		{3FB9F6F4-AF97-4D43-BBAD-A1029CF2CFAE}.Release|x86.ActiveCfg = Release|x86
		{3FB9F6F4-AF97-4D43-BBAD-A1029CF2CFAE}.Release|x86.Build.0 = Release|x86
	EndGlobalSection
	GlobalSection(SolutionProperties) = preSolution
		HideSolutionNode = FALSE
	EndGlobalSection
	GlobalSection(ExtensibilityGlobals) = postSolution
		SolutionGuid = {D93BD80D-4FB4-4E4F-A320-2CDC282AC8B3}
	EndGlobalSection
EndGlobal
